
Microsoft Visual Studio Solution File, Format Version 12.00
# Visual Studio Version 17
VisualStudioVersion = 17.8.34511.84
MinimumVisualStudioVersion = 10.0.40219.1
Project("{FAE04EC0-301F-11D3-BF4B-00C04F79EFBC}") = "RecipeWinForms", "RecipeWinForms\RecipeWinForms.csproj", "{6FBB0E4F-CE3C-4A22-966D-E8018ADE9525}"
EndProject
Project("{9A19103F-16F7-4668-BE54-9A1E7A4F7556}") = "CPUFramework", "..\..\CPUFramework\CPUFramework.csproj", "{4E83AB67-2200-4AA3-A907-5A064D49C5A8}"
EndProject
Global
	GlobalSection(SolutionConfigurationPlatforms) = preSolution
		Debug|Any CPU = Debug|Any CPU
		Release|Any CPU = Release|Any CPU
	EndGlobalSection
	GlobalSection(ProjectConfigurationPlatforms) = postSolution
		{6FBB0E4F-CE3C-4A22-966D-E8018ADE9525}.Debug|Any CPU.ActiveCfg = Debug|Any CPU
		{6FBB0E4F-CE3C-4A22-966D-E8018ADE9525}.Debug|Any CPU.Build.0 = Debug|Any CPU
		{6FBB0E4F-CE3C-4A22-966D-E8018ADE9525}.Release|Any CPU.ActiveCfg = Release|Any CPU
		{6FBB0E4F-CE3C-4A22-966D-E8018ADE9525}.Release|Any CPU.Build.0 = Release|Any CPU
		{4E83AB67-2200-4AA3-A907-5A064D49C5A8}.Debug|Any CPU.ActiveCfg = Debug|Any CPU
		{4E83AB67-2200-4AA3-A907-5A064D49C5A8}.Debug|Any CPU.Build.0 = Debug|Any CPU
		{4E83AB67-2200-4AA3-A907-5A064D49C5A8}.Release|Any CPU.ActiveCfg = Release|Any CPU
		{4E83AB67-2200-4AA3-A907-5A064D49C5A8}.Release|Any CPU.Build.0 = Release|Any CPU
	EndGlobalSection
	GlobalSection(SolutionProperties) = preSolution
		HideSolutionNode = FALSE
	EndGlobalSection
	GlobalSection(ExtensibilityGlobals) = postSolution
		SolutionGuid = {EC706A1D-B7F8-4747-B6AB-E86EB7934185}
	EndGlobalSection
EndGlobal
